
Microsoft Visual Studio Solution File, Format Version 12.00
# Visual Studio 15
VisualStudioVersion = 15.0.28307.1145
MinimumVisualStudioVersion = 10.0.40219.1
Project("{FAE04EC0-301F-11D3-BF4B-00C04F79EFBC}") = "CommonLib", "CommonLib\CommonLib.csproj", "{7A2A8385-048A-42B4-9D00-FC5FA48F7304}"
EndProject
Project("{FAE04EC0-301F-11D3-BF4B-00C04F79EFBC}") = "Server", "Server\Server.csproj", "{B36CABDD-7087-46E5-A40A-D1FA5430C812}"
EndProject
Project("{FAE04EC0-301F-11D3-BF4B-00C04F79EFBC}") = "ClientWindows", "ClientWindows\ClientWindows.csproj", "{0E23FA69-584A-4DFC-80D4-5A29223BF2A7}"
EndProject
Project("{FAE04EC0-301F-11D3-BF4B-00C04F79EFBC}") = "NMSLib", "NMSLib\NMSLib.csproj", "{6713AAE9-8F45-4224-A82C-F0620F255D89}"
EndProject
Project("{FAE04EC0-301F-11D3-BF4B-00C04F79EFBC}") = "DecryptLib", "DecryptLib\DecryptLib.csproj", "{E4F544E0-624D-4A0D-931E-14C45530605C}"
EndProject
Project("{FAE04EC0-301F-11D3-BF4B-00C04F79EFBC}") = "SendMailLib", "SendMailLib\SendMailLib.csproj", "{BA5AB1E0-49C1-4906-933D-B37C03F65347}"
EndProject
Global
	GlobalSection(SolutionConfigurationPlatforms) = preSolution
		Debug|Any CPU = Debug|Any CPU
		Release|Any CPU = Release|Any CPU
	EndGlobalSection
	GlobalSection(ProjectConfigurationPlatforms) = postSolution
		{7A2A8385-048A-42B4-9D00-FC5FA48F7304}.Debug|Any CPU.ActiveCfg = Debug|Any CPU
		{7A2A8385-048A-42B4-9D00-FC5FA48F7304}.Debug|Any CPU.Build.0 = Debug|Any CPU
		{7A2A8385-048A-42B4-9D00-FC5FA48F7304}.Release|Any CPU.ActiveCfg = Release|Any CPU
		{7A2A8385-048A-42B4-9D00-FC5FA48F7304}.Release|Any CPU.Build.0 = Release|Any CPU
		{B36CABDD-7087-46E5-A40A-D1FA5430C812}.Debug|Any CPU.ActiveCfg = Debug|Any CPU
		{B36CABDD-7087-46E5-A40A-D1FA5430C812}.Debug|Any CPU.Build.0 = Debug|Any CPU
		{B36CABDD-7087-46E5-A40A-D1FA5430C812}.Release|Any CPU.ActiveCfg = Release|Any CPU
		{B36CABDD-7087-46E5-A40A-D1FA5430C812}.Release|Any CPU.Build.0 = Release|Any CPU
		{0E23FA69-584A-4DFC-80D4-5A29223BF2A7}.Debug|Any CPU.ActiveCfg = Debug|Any CPU
		{0E23FA69-584A-4DFC-80D4-5A29223BF2A7}.Debug|Any CPU.Build.0 = Debug|Any CPU
		{0E23FA69-584A-4DFC-80D4-5A29223BF2A7}.Release|Any CPU.ActiveCfg = Release|Any CPU
		{0E23FA69-584A-4DFC-80D4-5A29223BF2A7}.Release|Any CPU.Build.0 = Release|Any CPU
		{6713AAE9-8F45-4224-A82C-F0620F255D89}.Debug|Any CPU.ActiveCfg = Debug|Any CPU
		{6713AAE9-8F45-4224-A82C-F0620F255D89}.Debug|Any CPU.Build.0 = Debug|Any CPU
		{6713AAE9-8F45-4224-A82C-F0620F255D89}.Release|Any CPU.ActiveCfg = Release|Any CPU
		{6713AAE9-8F45-4224-A82C-F0620F255D89}.Release|Any CPU.Build.0 = Release|Any CPU
		{E4F544E0-624D-4A0D-931E-14C45530605C}.Debug|Any CPU.ActiveCfg = Debug|Any CPU
		{E4F544E0-624D-4A0D-931E-14C45530605C}.Debug|Any CPU.Build.0 = Debug|Any CPU
		{E4F544E0-624D-4A0D-931E-14C45530605C}.Release|Any CPU.ActiveCfg = Release|Any CPU
		{E4F544E0-624D-4A0D-931E-14C45530605C}.Release|Any CPU.Build.0 = Release|Any CPU
		{BA5AB1E0-49C1-4906-933D-B37C03F65347}.Debug|Any CPU.ActiveCfg = Debug|Any CPU
		{BA5AB1E0-49C1-4906-933D-B37C03F65347}.Debug|Any CPU.Build.0 = Debug|Any CPU
		{BA5AB1E0-49C1-4906-933D-B37C03F65347}.Release|Any CPU.ActiveCfg = Release|Any CPU
		{BA5AB1E0-49C1-4906-933D-B37C03F65347}.Release|Any CPU.Build.0 = Release|Any CPU
	EndGlobalSection
	GlobalSection(SolutionProperties) = preSolution
		HideSolutionNode = FALSE
	EndGlobalSection
	GlobalSection(ExtensibilityGlobals) = postSolution
		SolutionGuid = {EB86986F-A7E9-4811-8D9D-099EA2FC67B8}
	EndGlobalSection
EndGlobal
